
Microsoft Visual Studio Solution File, Format Version 12.00
# Visual Studio Version 17
VisualStudioVersion = 17.5.002.0
MinimumVisualStudioVersion = 10.0.40219.1
Project("{9A19103F-16F7-4668-BE54-9A1E7A4F7556}") = "basic", "basic.csproj", "{33B382A1-7CA5-4B5C-B874-CE664019FBB2}"
EndProject
Global
	GlobalSection(SolutionConfigurationPlatforms) = preSolution
		Debug|Any CPU = Debug|Any CPU
		Release|Any CPU = Release|Any CPU
	EndGlobalSection
	GlobalSection(ProjectConfigurationPlatforms) = postSolution
		{33B382A1-7CA5-4B5C-B874-CE664019FBB2}.Debug|Any CPU.ActiveCfg = Debug|Any CPU
		{33B382A1-7CA5-4B5C-B874-CE664019FBB2}.Debug|Any CPU.Build.0 = Debug|Any CPU
		{33B382A1-7CA5-4B5C-B874-CE664019FBB2}.Release|Any CPU.ActiveCfg = Release|Any CPU
		{33B382A1-7CA5-4B5C-B874-CE664019FBB2}.Release|Any CPU.Build.0 = Release|Any CPU
	EndGlobalSection
	GlobalSection(SolutionProperties) = preSolution
		HideSolutionNode = FALSE
	EndGlobalSection
	GlobalSection(ExtensibilityGlobals) = postSolution
		SolutionGuid = {D2B3F026-598E-499A-AB9F-CDB4925643DB}
	EndGlobalSection
EndGlobal
