
Microsoft Visual Studio Solution File, Format Version 12.00
# Visual Studio Version 17
VisualStudioVersion = 17.5.002.0
MinimumVisualStudioVersion = 10.0.40219.1
Project("{9A19103F-16F7-4668-BE54-9A1E7A4F7556}") = "hello-world", "hello-world.csproj", "{2BE6C811-32A9-4028-954A-5D34B155481A}"
EndProject
Global
	GlobalSection(SolutionConfigurationPlatforms) = preSolution
		Debug|Any CPU = Debug|Any CPU
		Release|Any CPU = Release|Any CPU
	EndGlobalSection
	GlobalSection(ProjectConfigurationPlatforms) = postSolution
		{2BE6C811-32A9-4028-954A-5D34B155481A}.Debug|Any CPU.ActiveCfg = Debug|Any CPU
		{2BE6C811-32A9-4028-954A-5D34B155481A}.Debug|Any CPU.Build.0 = Debug|Any CPU
		{2BE6C811-32A9-4028-954A-5D34B155481A}.Release|Any CPU.ActiveCfg = Release|Any CPU
		{2BE6C811-32A9-4028-954A-5D34B155481A}.Release|Any CPU.Build.0 = Release|Any CPU
	EndGlobalSection
	GlobalSection(SolutionProperties) = preSolution
		HideSolutionNode = FALSE
	EndGlobalSection
	GlobalSection(ExtensibilityGlobals) = postSolution
		SolutionGuid = {4136A579-E95C-40FF-9DE1-93F9FADE0A6C}
	EndGlobalSection
EndGlobal
